// !$*UTF8*$!
{
	archiveVersion = 1;
	classes = {
	};
	objectVersion = 50;
	objects = {

/* Begin PBXBuildFile section */
		0108713625A32FF000D7119C /* Stepper1.swift in Sources */ = {isa = PBXBuildFile; fileRef = 0108713525A32FF000D7119C /* Stepper1.swift */; };
		0108713925A333A400D7119C /* TabView1.swift in Sources */ = {isa = PBXBuildFile; fileRef = 0108713825A333A400D7119C /* TabView1.swift */; };
		0111C3CD257BF2D800A31B92 /* ZStack1.swift in Sources */ = {isa = PBXBuildFile; fileRef = 0111C3CC257BF2D800A31B92 /* ZStack1.swift */; };
		0111C3D0257BF66D00A31B92 /* GeometryReader1.swift in Sources */ = {isa = PBXBuildFile; fileRef = 0111C3CF257BF66D00A31B92 /* GeometryReader1.swift */; };
		012498A02577BE85003DB818 /* HStack1.swift in Sources */ = {isa = PBXBuildFile; fileRef = 0124989F2577BE85003DB818 /* HStack1.swift */; };
		0140648C259CA1F400A4C2DA /* ScrollView1.swift in Sources */ = {isa = PBXBuildFile; fileRef = 0140648B259CA1F400A4C2DA /* ScrollView1.swift */; };
		0140648F259CA3EF00A4C2DA /* SecureField1.swift in Sources */ = {isa = PBXBuildFile; fileRef = 0140648E259CA3EF00A4C2DA /* SecureField1.swift */; };
		01406493259CA90500A4C2DA /* SegmentedControl1.swift in Sources */ = {isa = PBXBuildFile; fileRef = 01406492259CA90500A4C2DA /* SegmentedControl1.swift */; };
		01406496259CACD200A4C2DA /* SignInWithAppleButton1.swift in Sources */ = {isa = PBXBuildFile; fileRef = 01406495259CACD200A4C2DA /* SignInWithAppleButton1.swift */; };
		01510B0425755D5700372354 /* SwiftUIBasicsApp.swift in Sources */ = {isa = PBXBuildFile; fileRef = 01510B0325755D5700372354 /* SwiftUIBasicsApp.swift */; };
		01510B0625755D5700372354 /* ContentView.swift in Sources */ = {isa = PBXBuildFile; fileRef = 01510B0525755D5700372354 /* ContentView.swift */; };
		01510B0825755D5700372354 /* Assets.xcassets in Resources */ = {isa = PBXBuildFile; fileRef = 01510B0725755D5700372354 /* Assets.xcassets */; };
		01510B0B25755D5700372354 /* Preview Assets.xcassets in Resources */ = {isa = PBXBuildFile; fileRef = 01510B0A25755D5700372354 /* Preview Assets.xcassets */; };
		01510B1525755DA100372354 /* VStack1.swift in Sources */ = {isa = PBXBuildFile; fileRef = 01510B1425755DA100372354 /* VStack1.swift */; };
		016464ED2590B9F400C70F1C /* DisclosureGroup1.swift in Sources */ = {isa = PBXBuildFile; fileRef = 016464EC2590B9F400C70F1C /* DisclosureGroup1.swift */; };
		016464F02590D00800C70F1C /* Link1.swift in Sources */ = {isa = PBXBuildFile; fileRef = 016464EF2590D00800C70F1C /* Link1.swift */; };
		0170B3AD25755EE300D1C53A /* LazyVStack1.swift in Sources */ = {isa = PBXBuildFile; fileRef = 0170B3AC25755EE300D1C53A /* LazyVStack1.swift */; };
		0170B3B2257566F500D1C53A /* VStackDemo.gif in Resources */ = {isa = PBXBuildFile; fileRef = 0170B3B1257566F500D1C53A /* VStackDemo.gif */; };
		01736AE7257D59870040FD0F /* Button1.swift in Sources */ = {isa = PBXBuildFile; fileRef = 01736AE6257D59870040FD0F /* Button1.swift */; };
		01736AF0257D5C7D0040FD0F /* ColorPicker1.swift in Sources */ = {isa = PBXBuildFile; fileRef = 01736AEF257D5C7D0040FD0F /* ColorPicker1.swift */; };
		01736AF5257D62EF0040FD0F /* DatePicker1.swift in Sources */ = {isa = PBXBuildFile; fileRef = 01736AF4257D62EF0040FD0F /* DatePicker1.swift */; };
		0176A8F5257C36D400FF770C /* LazyHGrid1.swift in Sources */ = {isa = PBXBuildFile; fileRef = 0176A8F4257C36D400FF770C /* LazyHGrid1.swift */; };
		0176A8F9257C40F000FF770C /* LazyVGrid1.swift in Sources */ = {isa = PBXBuildFile; fileRef = 0176A8F8257C40F000FF770C /* LazyVGrid1.swift */; };
		0176A8FC257C450300FF770C /* LazyVGrid2.swift in Sources */ = {isa = PBXBuildFile; fileRef = 0176A8FB257C450300FF770C /* LazyVGrid2.swift */; };
		0176A8FF257C494D00FF770C /* ScrollViewReader1.swift in Sources */ = {isa = PBXBuildFile; fileRef = 0176A8FE257C494D00FF770C /* ScrollViewReader1.swift */; };
		01920C6C25927879003F9ABB /* List1.swift in Sources */ = {isa = PBXBuildFile; fileRef = 01920C6B25927879003F9ABB /* List1.swift */; };
		01920C6F259280C5003F9ABB /* Menu1.swift in Sources */ = {isa = PBXBuildFile; fileRef = 01920C6E259280C5003F9ABB /* Menu1.swift */; };
		01920C732592931D003F9ABB /* NavigationView1.swift in Sources */ = {isa = PBXBuildFile; fileRef = 01920C722592931D003F9ABB /* NavigationView1.swift */; };
		01BA691C259F7F560021C87A /* Slider1.swift in Sources */ = {isa = PBXBuildFile; fileRef = 01BA691B259F7F560021C87A /* Slider1.swift */; };
		01CDCEC925948FF50022F6C8 /* NavigationViewWithData.swift in Sources */ = {isa = PBXBuildFile; fileRef = 01CDCEC825948FF50022F6C8 /* NavigationViewWithData.swift */; };
		01CDCECC25949AB80022F6C8 /* OnlineGroup1.swift in Sources */ = {isa = PBXBuildFile; fileRef = 01CDCECB25949AB80022F6C8 /* OnlineGroup1.swift */; };
		01CDCECF2594E7D20022F6C8 /* Picker1.swift in Sources */ = {isa = PBXBuildFile; fileRef = 01CDCECE2594E7D20022F6C8 /* Picker1.swift */; };
		01CDCED22594F0F00022F6C8 /* ProgressView1.swift in Sources */ = {isa = PBXBuildFile; fileRef = 01CDCED12594F0F00022F6C8 /* ProgressView1.swift */; };
		01F888F4257A6AEA00984D3C /* LazyHStack1.swift in Sources */ = {isa = PBXBuildFile; fileRef = 01F888F3257A6AEA00984D3C /* LazyHStack1.swift */; };
/* End PBXBuildFile section */

/* Begin PBXFileReference section */
		0108713525A32FF000D7119C /* Stepper1.swift */ = {isa = PBXFileReference; lastKnownFileType = sourcecode.swift; path = Stepper1.swift; sourceTree = "<group>"; };
		0108713825A333A400D7119C /* TabView1.swift */ = {isa = PBXFileReference; lastKnownFileType = sourcecode.swift; path = TabView1.swift; sourceTree = "<group>"; };
		0111C3CC257BF2D800A31B92 /* ZStack1.swift */ = {isa = PBXFileReference; lastKnownFileType = sourcecode.swift; path = ZStack1.swift; sourceTree = "<group>"; };
		0111C3CF257BF66D00A31B92 /* GeometryReader1.swift */ = {isa = PBXFileReference; lastKnownFileType = sourcecode.swift; path = GeometryReader1.swift; sourceTree = "<group>"; };
		0124989F2577BE85003DB818 /* HStack1.swift */ = {isa = PBXFileReference; lastKnownFileType = sourcecode.swift; path = HStack1.swift; sourceTree = "<group>"; };
		0140648B259CA1F400A4C2DA /* ScrollView1.swift */ = {isa = PBXFileReference; lastKnownFileType = sourcecode.swift; path = ScrollView1.swift; sourceTree = "<group>"; };
		0140648E259CA3EF00A4C2DA /* SecureField1.swift */ = {isa = PBXFileReference; lastKnownFileType = sourcecode.swift; path = SecureField1.swift; sourceTree = "<group>"; };
		01406492259CA90500A4C2DA /* SegmentedControl1.swift */ = {isa = PBXFileReference; lastKnownFileType = sourcecode.swift; path = SegmentedControl1.swift; sourceTree = "<group>"; };
		01406495259CACD200A4C2DA /* SignInWithAppleButton1.swift */ = {isa = PBXFileReference; lastKnownFileType = sourcecode.swift; path = SignInWithAppleButton1.swift; sourceTree = "<group>"; };
		01510B0025755D5700372354 /* SwiftUIBasics.app */ = {isa = PBXFileReference; explicitFileType = wrapper.application; includeInIndex = 0; path = SwiftUIBasics.app; sourceTree = BUILT_PRODUCTS_DIR; };
		01510B0325755D5700372354 /* SwiftUIBasicsApp.swift */ = {isa = PBXFileReference; lastKnownFileType = sourcecode.swift; path = SwiftUIBasicsApp.swift; sourceTree = "<group>"; };
		01510B0525755D5700372354 /* ContentView.swift */ = {isa = PBXFileReference; lastKnownFileType = sourcecode.swift; path = ContentView.swift; sourceTree = "<group>"; };
		01510B0725755D5700372354 /* Assets.xcassets */ = {isa = PBXFileReference; lastKnownFileType = folder.assetcatalog; path = Assets.xcassets; sourceTree = "<group>"; };
		01510B0A25755D5700372354 /* Preview Assets.xcassets */ = {isa = PBXFileReference; lastKnownFileType = folder.assetcatalog; path = "Preview Assets.xcassets"; sourceTree = "<group>"; };
		01510B0C25755D5700372354 /* Info.plist */ = {isa = PBXFileReference; lastKnownFileType = text.plist.xml; path = Info.plist; sourceTree = "<group>"; };
		01510B1425755DA100372354 /* VStack1.swift */ = {isa = PBXFileReference; lastKnownFileType = sourcecode.swift; path = VStack1.swift; sourceTree = "<group>"; };
		016464EC2590B9F400C70F1C /* DisclosureGroup1.swift */ = {isa = PBXFileReference; lastKnownFileType = sourcecode.swift; path = DisclosureGroup1.swift; sourceTree = "<group>"; };
		016464EF2590D00800C70F1C /* Link1.swift */ = {isa = PBXFileReference; lastKnownFileType = sourcecode.swift; path = Link1.swift; sourceTree = "<group>"; };
		0170B3AC25755EE300D1C53A /* LazyVStack1.swift */ = {isa = PBXFileReference; lastKnownFileType = sourcecode.swift; path = LazyVStack1.swift; sourceTree = "<group>"; };
		0170B3B1257566F500D1C53A /* VStackDemo.gif */ = {isa = PBXFileReference; lastKnownFileType = image.gif; path = VStackDemo.gif; sourceTree = "<group>"; };
		01736AE6257D59870040FD0F /* Button1.swift */ = {isa = PBXFileReference; lastKnownFileType = sourcecode.swift; path = Button1.swift; sourceTree = "<group>"; };
		01736AEF257D5C7D0040FD0F /* ColorPicker1.swift */ = {isa = PBXFileReference; lastKnownFileType = sourcecode.swift; path = ColorPicker1.swift; sourceTree = "<group>"; };
		01736AF4257D62EF0040FD0F /* DatePicker1.swift */ = {isa = PBXFileReference; lastKnownFileType = sourcecode.swift; path = DatePicker1.swift; sourceTree = "<group>"; };
		0176A8F4257C36D400FF770C /* LazyHGrid1.swift */ = {isa = PBXFileReference; lastKnownFileType = sourcecode.swift; path = LazyHGrid1.swift; sourceTree = "<group>"; };
		0176A8F8257C40F000FF770C /* LazyVGrid1.swift */ = {isa = PBXFileReference; lastKnownFileType = sourcecode.swift; path = LazyVGrid1.swift; sourceTree = "<group>"; };
		0176A8FB257C450300FF770C /* LazyVGrid2.swift */ = {isa = PBXFileReference; lastKnownFileType = sourcecode.swift; path = LazyVGrid2.swift; sourceTree = "<group>"; };
		0176A8FE257C494D00FF770C /* ScrollViewReader1.swift */ = {isa = PBXFileReference; lastKnownFileType = sourcecode.swift; path = ScrollViewReader1.swift; sourceTree = "<group>"; };
		01920C6B25927879003F9ABB /* List1.swift */ = {isa = PBXFileReference; lastKnownFileType = sourcecode.swift; path = List1.swift; sourceTree = "<group>"; };
		01920C6E259280C5003F9ABB /* Menu1.swift */ = {isa = PBXFileReference; lastKnownFileType = sourcecode.swift; path = Menu1.swift; sourceTree = "<group>"; };
		01920C722592931D003F9ABB /* NavigationView1.swift */ = {isa = PBXFileReference; lastKnownFileType = sourcecode.swift; path = NavigationView1.swift; sourceTree = "<group>"; };
		01BA691B259F7F560021C87A /* Slider1.swift */ = {isa = PBXFileReference; lastKnownFileType = sourcecode.swift; path = Slider1.swift; sourceTree = "<group>"; };
		01CDCEC825948FF50022F6C8 /* NavigationViewWithData.swift */ = {isa = PBXFileReference; lastKnownFileType = sourcecode.swift; path = NavigationViewWithData.swift; sourceTree = "<group>"; };
		01CDCECB25949AB80022F6C8 /* OnlineGroup1.swift */ = {isa = PBXFileReference; lastKnownFileType = sourcecode.swift; path = OnlineGroup1.swift; sourceTree = "<group>"; };
		01CDCECE2594E7D20022F6C8 /* Picker1.swift */ = {isa = PBXFileReference; lastKnownFileType = sourcecode.swift; path = Picker1.swift; sourceTree = "<group>"; };
		01CDCED12594F0F00022F6C8 /* ProgressView1.swift */ = {isa = PBXFileReference; lastKnownFileType = sourcecode.swift; path = ProgressView1.swift; sourceTree = "<group>"; };
		01F888F3257A6AEA00984D3C /* LazyHStack1.swift */ = {isa = PBXFileReference; lastKnownFileType = sourcecode.swift; path = LazyHStack1.swift; sourceTree = "<group>"; };
/* End PBXFileReference section */

/* Begin PBXFrameworksBuildPhase section */
		01510AFD25755D5600372354 /* Frameworks */ = {
			isa = PBXFrameworksBuildPhase;
			buildActionMask = 2147483647;
			files = (
			);
			runOnlyForDeploymentPostprocessing = 0;
		};
/* End PBXFrameworksBuildPhase section */

/* Begin PBXGroup section */
		01510AF725755D5600372354 = {
			isa = PBXGroup;
			children = (
				01510B0225755D5700372354 /* SwiftUIBasics */,
				01510B0125755D5700372354 /* Products */,
			);
			sourceTree = "<group>";
		};
		01510B0125755D5700372354 /* Products */ = {
			isa = PBXGroup;
			children = (
				01510B0025755D5700372354 /* SwiftUIBasics.app */,
			);
			name = Products;
			sourceTree = "<group>";
		};
		01510B0225755D5700372354 /* SwiftUIBasics */ = {
			isa = PBXGroup;
			children = (
				01736AE5257D59720040FD0F /* Control Views */,
				01510B1325755D7E00372354 /* Layout Views */,
				01510B0325755D5700372354 /* SwiftUIBasicsApp.swift */,
				01510B0525755D5700372354 /* ContentView.swift */,
				01510B0725755D5700372354 /* Assets.xcassets */,
				01510B0C25755D5700372354 /* Info.plist */,
				01510B0925755D5700372354 /* Preview Content */,
			);
			path = SwiftUIBasics;
			sourceTree = "<group>";
		};
		01510B0925755D5700372354 /* Preview Content */ = {
			isa = PBXGroup;
			children = (
				01510B0A25755D5700372354 /* Preview Assets.xcassets */,
			);
			path = "Preview Content";
			sourceTree = "<group>";
		};
		01510B1325755D7E00372354 /* Layout Views */ = {
			isa = PBXGroup;
			children = (
				0170B3B0257566B600D1C53A /* demo */,
				01510B1425755DA100372354 /* VStack1.swift */,
				0170B3AC25755EE300D1C53A /* LazyVStack1.swift */,
				0124989F2577BE85003DB818 /* HStack1.swift */,
				01F888F3257A6AEA00984D3C /* LazyHStack1.swift */,
				0111C3CC257BF2D800A31B92 /* ZStack1.swift */,
				0111C3CF257BF66D00A31B92 /* GeometryReader1.swift */,
				0176A8F4257C36D400FF770C /* LazyHGrid1.swift */,
				0176A8F8257C40F000FF770C /* LazyVGrid1.swift */,
				0176A8FB257C450300FF770C /* LazyVGrid2.swift */,
				0176A8FE257C494D00FF770C /* ScrollViewReader1.swift */,
			);
			path = "Layout Views";
			sourceTree = "<group>";
		};
		0170B3B0257566B600D1C53A /* demo */ = {
			isa = PBXGroup;
			children = (
				0170B3B1257566F500D1C53A /* VStackDemo.gif */,
			);
			path = demo;
			sourceTree = "<group>";
		};
		01736AE5257D59720040FD0F /* Control Views */ = {
			isa = PBXGroup;
			children = (
				01736AF2257D5E7E0040FD0F /* demo */,
				01736AE6257D59870040FD0F /* Button1.swift */,
				01736AEF257D5C7D0040FD0F /* ColorPicker1.swift */,
				01736AF4257D62EF0040FD0F /* DatePicker1.swift */,
				016464EC2590B9F400C70F1C /* DisclosureGroup1.swift */,
				016464EF2590D00800C70F1C /* Link1.swift */,
				01920C6B25927879003F9ABB /* List1.swift */,
				01920C6E259280C5003F9ABB /* Menu1.swift */,
				01920C722592931D003F9ABB /* NavigationView1.swift */,
				01CDCEC825948FF50022F6C8 /* NavigationViewWithData.swift */,
				01CDCECB25949AB80022F6C8 /* OnlineGroup1.swift */,
				01CDCECE2594E7D20022F6C8 /* Picker1.swift */,
				01CDCED12594F0F00022F6C8 /* ProgressView1.swift */,
				0140648B259CA1F400A4C2DA /* ScrollView1.swift */,
				0140648E259CA3EF00A4C2DA /* SecureField1.swift */,
				01406492259CA90500A4C2DA /* SegmentedControl1.swift */,
				01406495259CACD200A4C2DA /* SignInWithAppleButton1.swift */,
				01BA691B259F7F560021C87A /* Slider1.swift */,
				0108713525A32FF000D7119C /* Stepper1.swift */,
				0108713825A333A400D7119C /* TabView1.swift */,
			);
			path = "Control Views";
			sourceTree = "<group>";
		};
		01736AF2257D5E7E0040FD0F /* demo */ = {
			isa = PBXGroup;
			children = (
			);
			path = demo;
			sourceTree = "<group>";
		};
/* End PBXGroup section */

/* Begin PBXNativeTarget section */
		01510AFF25755D5600372354 /* SwiftUIBasics */ = {
			isa = PBXNativeTarget;
			buildConfigurationList = 01510B0F25755D5700372354 /* Build configuration list for PBXNativeTarget "SwiftUIBasics" */;
			buildPhases = (
				01510AFC25755D5600372354 /* Sources */,
				01510AFD25755D5600372354 /* Frameworks */,
				01510AFE25755D5600372354 /* Resources */,
			);
			buildRules = (
			);
			dependencies = (
			);
			name = SwiftUIBasics;
			productName = SwiftUIBasics;
			productReference = 01510B0025755D5700372354 /* SwiftUIBasics.app */;
			productType = "com.apple.product-type.application";
		};
/* End PBXNativeTarget section */

/* Begin PBXProject section */
		01510AF825755D5600372354 /* Project object */ = {
			isa = PBXProject;
			attributes = {
				LastSwiftUpdateCheck = 1220;
				LastUpgradeCheck = 1220;
				TargetAttributes = {
					01510AFF25755D5600372354 = {
						CreatedOnToolsVersion = 12.2;
					};
				};
			};
			buildConfigurationList = 01510AFB25755D5600372354 /* Build configuration list for PBXProject "SwiftUIBasics" */;
			compatibilityVersion = "Xcode 9.3";
			developmentRegion = en;
			hasScannedForEncodings = 0;
			knownRegions = (
				en,
				Base,
			);
			mainGroup = 01510AF725755D5600372354;
			productRefGroup = 01510B0125755D5700372354 /* Products */;
			projectDirPath = "";
			projectRoot = "";
			targets = (
				01510AFF25755D5600372354 /* SwiftUIBasics */,
			);
		};
/* End PBXProject section */

/* Begin PBXResourcesBuildPhase section */
		01510AFE25755D5600372354 /* Resources */ = {
			isa = PBXResourcesBuildPhase;
			buildActionMask = 2147483647;
			files = (
				01510B0B25755D5700372354 /* Preview Assets.xcassets in Resources */,
				0170B3B2257566F500D1C53A /* VStackDemo.gif in Resources */,
				01510B0825755D5700372354 /* Assets.xcassets in Resources */,
			);
			runOnlyForDeploymentPostprocessing = 0;
		};
/* End PBXResourcesBuildPhase section */

/* Begin PBXSourcesBuildPhase section */
		01510AFC25755D5600372354 /* Sources */ = {
			isa = PBXSourcesBuildPhase;
			buildActionMask = 2147483647;
			files = (
				0140648C259CA1F400A4C2DA /* ScrollView1.swift in Sources */,
				0108713625A32FF000D7119C /* Stepper1.swift in Sources */,
				0111C3CD257BF2D800A31B92 /* ZStack1.swift in Sources */,
				01CDCEC925948FF50022F6C8 /* NavigationViewWithData.swift in Sources */,
				01510B0625755D5700372354 /* ContentView.swift in Sources */,
				01510B0425755D5700372354 /* SwiftUIBasicsApp.swift in Sources */,
				01510B1525755DA100372354 /* VStack1.swift in Sources */,
				01406496259CACD200A4C2DA /* SignInWithAppleButton1.swift in Sources */,
				01CDCED22594F0F00022F6C8 /* ProgressView1.swift in Sources */,
				0176A8F5257C36D400FF770C /* LazyHGrid1.swift in Sources */,
				01F888F4257A6AEA00984D3C /* LazyHStack1.swift in Sources */,
				0176A8F9257C40F000FF770C /* LazyVGrid1.swift in Sources */,
				012498A02577BE85003DB818 /* HStack1.swift in Sources */,
				0176A8FF257C494D00FF770C /* ScrollViewReader1.swift in Sources */,
				01736AE7257D59870040FD0F /* Button1.swift in Sources */,
				0140648F259CA3EF00A4C2DA /* SecureField1.swift in Sources */,
				01736AF5257D62EF0040FD0F /* DatePicker1.swift in Sources */,
				016464F02590D00800C70F1C /* Link1.swift in Sources */,
				0176A8FC257C450300FF770C /* LazyVGrid2.swift in Sources */,
				01BA691C259F7F560021C87A /* Slider1.swift in Sources */,
				01406493259CA90500A4C2DA /* SegmentedControl1.swift in Sources */,
				01920C6C25927879003F9ABB /* List1.swift in Sources */,
				016464ED2590B9F400C70F1C /* DisclosureGroup1.swift in Sources */,
				0170B3AD25755EE300D1C53A /* LazyVStack1.swift in Sources */,
				01920C732592931D003F9ABB /* NavigationView1.swift in Sources */,
				01CDCECC25949AB80022F6C8 /* OnlineGroup1.swift in Sources */,
				0111C3D0257BF66D00A31B92 /* GeometryReader1.swift in Sources */,
				01920C6F259280C5003F9ABB /* Menu1.swift in Sources */,
				01CDCECF2594E7D20022F6C8 /* Picker1.swift in Sources */,
				01736AF0257D5C7D0040FD0F /* ColorPicker1.swift in Sources */,
				0108713925A333A400D7119C /* TabView1.swift in Sources */,
			);
			runOnlyForDeploymentPostprocessing = 0;
		};
/* End PBXSourcesBuildPhase section */

/* Begin XCBuildConfiguration section */
		01510B0D25755D5700372354 /* Debug */ = {
			isa = XCBuildConfiguration;
			buildSettings = {
				ALWAYS_SEARCH_USER_PATHS = NO;
				CLANG_ANALYZER_NONNULL = YES;
				CLANG_ANALYZER_NUMBER_OBJECT_CONVERSION = YES_AGGRESSIVE;
				CLANG_CXX_LANGUAGE_STANDARD = "gnu++14";
				CLANG_CXX_LIBRARY = "libc++";
				CLANG_ENABLE_MODULES = YES;
				CLANG_ENABLE_OBJC_ARC = YES;
				CLANG_ENABLE_OBJC_WEAK = YES;
				CLANG_WARN_BLOCK_CAPTURE_AUTORELEASING = YES;
				CLANG_WARN_BOOL_CONVERSION = YES;
				CLANG_WARN_COMMA = YES;
				CLANG_WARN_CONSTANT_CONVERSION = YES;
				CLANG_WARN_DEPRECATED_OBJC_IMPLEMENTATIONS = YES;
				CLANG_WARN_DIRECT_OBJC_ISA_USAGE = YES_ERROR;
				CLANG_WARN_DOCUMENTATION_COMMENTS = YES;
				CLANG_WARN_EMPTY_BODY = YES;
				CLANG_WARN_ENUM_CONVERSION = YES;
				CLANG_WARN_INFINITE_RECURSION = YES;
				CLANG_WARN_INT_CONVERSION = YES;
				CLANG_WARN_NON_LITERAL_NULL_CONVERSION = YES;
				CLANG_WARN_OBJC_IMPLICIT_RETAIN_SELF = YES;
				CLANG_WARN_OBJC_LITERAL_CONVERSION = YES;
				CLANG_WARN_OBJC_ROOT_CLASS = YES_ERROR;
				CLANG_WARN_QUOTED_INCLUDE_IN_FRAMEWORK_HEADER = YES;
				CLANG_WARN_RANGE_LOOP_ANALYSIS = YES;
				CLANG_WARN_STRICT_PROTOTYPES = YES;
				CLANG_WARN_SUSPICIOUS_MOVE = YES;
				CLANG_WARN_UNGUARDED_AVAILABILITY = YES_AGGRESSIVE;
				CLANG_WARN_UNREACHABLE_CODE = YES;
				CLANG_WARN__DUPLICATE_METHOD_MATCH = YES;
				COPY_PHASE_STRIP = NO;
				DEBUG_INFORMATION_FORMAT = dwarf;
				ENABLE_STRICT_OBJC_MSGSEND = YES;
				ENABLE_TESTABILITY = YES;
				GCC_C_LANGUAGE_STANDARD = gnu11;
				GCC_DYNAMIC_NO_PIC = NO;
				GCC_NO_COMMON_BLOCKS = YES;
				GCC_OPTIMIZATION_LEVEL = 0;
				GCC_PREPROCESSOR_DEFINITIONS = (
					"DEBUG=1",
					"$(inherited)",
				);
				GCC_WARN_64_TO_32_BIT_CONVERSION = YES;
				GCC_WARN_ABOUT_RETURN_TYPE = YES_ERROR;
				GCC_WARN_UNDECLARED_SELECTOR = YES;
				GCC_WARN_UNINITIALIZED_AUTOS = YES_AGGRESSIVE;
				GCC_WARN_UNUSED_FUNCTION = YES;
				GCC_WARN_UNUSED_VARIABLE = YES;
				IPHONEOS_DEPLOYMENT_TARGET = 14.2;
				MTL_ENABLE_DEBUG_INFO = INCLUDE_SOURCE;
				MTL_FAST_MATH = YES;
				ONLY_ACTIVE_ARCH = YES;
				SDKROOT = iphoneos;
				SWIFT_ACTIVE_COMPILATION_CONDITIONS = DEBUG;
				SWIFT_OPTIMIZATION_LEVEL = "-Onone";
			};
			name = Debug;
		};
		01510B0E25755D5700372354 /* Release */ = {
			isa = XCBuildConfiguration;
			buildSettings = {
				ALWAYS_SEARCH_USER_PATHS = NO;
				CLANG_ANALYZER_NONNULL = YES;
				CLANG_ANALYZER_NUMBER_OBJECT_CONVERSION = YES_AGGRESSIVE;
				CLANG_CXX_LANGUAGE_STANDARD = "gnu++14";
				CLANG_CXX_LIBRARY = "libc++";
				CLANG_ENABLE_MODULES = YES;
				CLANG_ENABLE_OBJC_ARC = YES;
				CLANG_ENABLE_OBJC_WEAK = YES;
				CLANG_WARN_BLOCK_CAPTURE_AUTORELEASING = YES;
				CLANG_WARN_BOOL_CONVERSION = YES;
				CLANG_WARN_COMMA = YES;
				CLANG_WARN_CONSTANT_CONVERSION = YES;
				CLANG_WARN_DEPRECATED_OBJC_IMPLEMENTATIONS = YES;
				CLANG_WARN_DIRECT_OBJC_ISA_USAGE = YES_ERROR;
				CLANG_WARN_DOCUMENTATION_COMMENTS = YES;
				CLANG_WARN_EMPTY_BODY = YES;
				CLANG_WARN_ENUM_CONVERSION = YES;
				CLANG_WARN_INFINITE_RECURSION = YES;
				CLANG_WARN_INT_CONVERSION = YES;
				CLANG_WARN_NON_LITERAL_NULL_CONVERSION = YES;
				CLANG_WARN_OBJC_IMPLICIT_RETAIN_SELF = YES;
				CLANG_WARN_OBJC_LITERAL_CONVERSION = YES;
				CLANG_WARN_OBJC_ROOT_CLASS = YES_ERROR;
				CLANG_WARN_QUOTED_INCLUDE_IN_FRAMEWORK_HEADER = YES;
				CLANG_WARN_RANGE_LOOP_ANALYSIS = YES;
				CLANG_WARN_STRICT_PROTOTYPES = YES;
				CLANG_WARN_SUSPICIOUS_MOVE = YES;
				CLANG_WARN_UNGUARDED_AVAILABILITY = YES_AGGRESSIVE;
				CLANG_WARN_UNREACHABLE_CODE = YES;
				CLANG_WARN__DUPLICATE_METHOD_MATCH = YES;
				COPY_PHASE_STRIP = NO;
				DEBUG_INFORMATION_FORMAT = "dwarf-with-dsym";
				ENABLE_NS_ASSERTIONS = NO;
				ENABLE_STRICT_OBJC_MSGSEND = YES;
				GCC_C_LANGUAGE_STANDARD = gnu11;
				GCC_NO_COMMON_BLOCKS = YES;
				GCC_WARN_64_TO_32_BIT_CONVERSION = YES;
				GCC_WARN_ABOUT_RETURN_TYPE = YES_ERROR;
				GCC_WARN_UNDECLARED_SELECTOR = YES;
				GCC_WARN_UNINITIALIZED_AUTOS = YES_AGGRESSIVE;
				GCC_WARN_UNUSED_FUNCTION = YES;
				GCC_WARN_UNUSED_VARIABLE = YES;
				IPHONEOS_DEPLOYMENT_TARGET = 14.2;
				MTL_ENABLE_DEBUG_INFO = NO;
				MTL_FAST_MATH = YES;
				SDKROOT = iphoneos;
				SWIFT_COMPILATION_MODE = wholemodule;
				SWIFT_OPTIMIZATION_LEVEL = "-O";
				VALIDATE_PRODUCT = YES;
			};
			name = Release;
		};
		01510B1025755D5700372354 /* Debug */ = {
			isa = XCBuildConfiguration;
			buildSettings = {
				ASSETCATALOG_COMPILER_APPICON_NAME = AppIcon;
				ASSETCATALOG_COMPILER_GLOBAL_ACCENT_COLOR_NAME = AccentColor;
				CODE_SIGN_STYLE = Automatic;
				DEVELOPMENT_ASSET_PATHS = "\"SwiftUIBasics/Preview Content\"";
				DEVELOPMENT_TEAM = 6HLHYZ382H;
				ENABLE_PREVIEWS = YES;
				INFOPLIST_FILE = SwiftUIBasics/Info.plist;
				IPHONEOS_DEPLOYMENT_TARGET = 14.0;
				LD_RUNPATH_SEARCH_PATHS = (
					"$(inherited)",
					"@executable_path/Frameworks",
				);
				PRODUCT_BUNDLE_IDENTIFIER = com.codevelop.SwiftUIBasics;
				PRODUCT_NAME = "$(TARGET_NAME)";
				SWIFT_VERSION = 5.0;
				TARGETED_DEVICE_FAMILY = "1,2";
			};
			name = Debug;
		};
		01510B1125755D5700372354 /* Release */ = {
			isa = XCBuildConfiguration;
			buildSettings = {
				ASSETCATALOG_COMPILER_APPICON_NAME = AppIcon;
				ASSETCATALOG_COMPILER_GLOBAL_ACCENT_COLOR_NAME = AccentColor;
				CODE_SIGN_STYLE = Automatic;
				DEVELOPMENT_ASSET_PATHS = "\"SwiftUIBasics/Preview Content\"";
				DEVELOPMENT_TEAM = 6HLHYZ382H;
				ENABLE_PREVIEWS = YES;
				INFOPLIST_FILE = SwiftUIBasics/Info.plist;
				IPHONEOS_DEPLOYMENT_TARGET = 14.0;
				LD_RUNPATH_SEARCH_PATHS = (
					"$(inherited)",
					"@executable_path/Frameworks",
				);
				PRODUCT_BUNDLE_IDENTIFIER = com.codevelop.SwiftUIBasics;
				PRODUCT_NAME = "$(TARGET_NAME)";
				SWIFT_VERSION = 5.0;
				TARGETED_DEVICE_FAMILY = "1,2";
			};
			name = Release;
		};
/* End XCBuildConfiguration section */

/* Begin XCConfigurationList section */
		01510AFB25755D5600372354 /* Build configuration list for PBXProject "SwiftUIBasics" */ = {
			isa = XCConfigurationList;
			buildConfigurations = (
				01510B0D25755D5700372354 /* Debug */,
				01510B0E25755D5700372354 /* Release */,
			);
			defaultConfigurationIsVisible = 0;
			defaultConfigurationName = Release;
		};
		01510B0F25755D5700372354 /* Build configuration list for PBXNativeTarget "SwiftUIBasics" */ = {
			isa = XCConfigurationList;
			buildConfigurations = (
				01510B1025755D5700372354 /* Debug */,
				01510B1125755D5700372354 /* Release */,
			);
			defaultConfigurationIsVisible = 0;
			defaultConfigurationName = Release;
		};
/* End XCConfigurationList section */
	};
	rootObject = 01510AF825755D5600372354 /* Project object */;
}
